
Microsoft Visual Studio Solution File, Format Version 12.00
# Visual Studio Version 17
VisualStudioVersion = 17.13.35818.85 d17.13
MinimumVisualStudioVersion = 10.0.40219.1
Project("{FAE04EC0-301F-11D3-BF4B-00C04F79EFBC}") = "WindowsFormsApp1", "WindowsFormsApp1.csproj", "{A4D11383-4ECD-45C7-9497-56A0D6FA4B3D}"
EndProject
Global
	GlobalSection(SolutionConfigurationPlatforms) = preSolution
		Debug|Any CPU = Debug|Any CPU
		Release|Any CPU = Release|Any CPU
	EndGlobalSection
	GlobalSection(ProjectConfigurationPlatforms) = postSolution
		{A4D11383-4ECD-45C7-9497-56A0D6FA4B3D}.Debug|Any CPU.ActiveCfg = Debug|Any CPU
		{A4D11383-4ECD-45C7-9497-56A0D6FA4B3D}.Debug|Any CPU.Build.0 = Debug|Any CPU
		{A4D11383-4ECD-45C7-9497-56A0D6FA4B3D}.Release|Any CPU.ActiveCfg = Release|Any CPU
		{A4D11383-4ECD-45C7-9497-56A0D6FA4B3D}.Release|Any CPU.Build.0 = Release|Any CPU
	EndGlobalSection
	GlobalSection(SolutionProperties) = preSolution
		HideSolutionNode = FALSE
	EndGlobalSection
	GlobalSection(ExtensibilityGlobals) = postSolution
		SolutionGuid = {8AE71582-4025-4095-9241-C72E00C570AB}
	EndGlobalSection
EndGlobal
